// !$*UTF8*$!
{
	archiveVersion = 1;
	classes = {
	};
	objectVersion = 46;
	objects = {

/* Begin PBXBuildFile section */
		D8889B5F19D69E4600B7032A /* main.m in Sources */ = {isa = PBXBuildFile; fileRef = D8889B5E19D69E4600B7032A /* main.m */; };
		D8889B6219D69E4600B7032A /* AppDelegate.m in Sources */ = {isa = PBXBuildFile; fileRef = D8889B6119D69E4600B7032A /* AppDelegate.m */; };
		D8889B6519D69E4600B7032A /* ViewController.m in Sources */ = {isa = PBXBuildFile; fileRef = D8889B6419D69E4600B7032A /* ViewController.m */; };
		D8889B6819D69E4600B7032A /* Main.storyboard in Resources */ = {isa = PBXBuildFile; fileRef = D8889B6619D69E4600B7032A /* Main.storyboard */; };
		D8889B6A19D69E4600B7032A /* Images.xcassets in Resources */ = {isa = PBXBuildFile; fileRef = D8889B6919D69E4600B7032A /* Images.xcassets */; };
		D8889B6D19D69E4600B7032A /* LaunchScreen.xib in Resources */ = {isa = PBXBuildFile; fileRef = D8889B6B19D69E4600B7032A /* LaunchScreen.xib */; };
		D8889B7919D69E4600B7032A /* HYCalendarTests.m in Sources */ = {isa = PBXBuildFile; fileRef = D8889B7819D69E4600B7032A /* HYCalendarTests.m */; };
		D895305E19D6A1F400EC2E83 /* MyCalendarItem.m in Sources */ = {isa = PBXBuildFile; fileRef = D895305B19D6A1F400EC2E83 /* MyCalendarItem.m */; };
/* End PBXBuildFile section */

/* Begin PBXContainerItemProxy section */
		D8889B7319D69E4600B7032A /* PBXContainerItemProxy */ = {
			isa = PBXContainerItemProxy;
			containerPortal = D8889B5119D69E4600B7032A /* Project object */;
			proxyType = 1;
			remoteGlobalIDString = D8889B5819D69E4600B7032A;
			remoteInfo = HYCalendar;
		};
/* End PBXContainerItemProxy section */

/* Begin PBXFileReference section */
		D8889B5919D69E4600B7032A /* HYCalendar.app */ = {isa = PBXFileReference; explicitFileType = wrapper.application; includeInIndex = 0; path = HYCalendar.app; sourceTree = BUILT_PRODUCTS_DIR; };
		D8889B5D19D69E4600B7032A /* Info.plist */ = {isa = PBXFileReference; lastKnownFileType = text.plist.xml; path = Info.plist; sourceTree = "<group>"; };
		D8889B5E19D69E4600B7032A /* main.m */ = {isa = PBXFileReference; lastKnownFileType = sourcecode.c.objc; path = main.m; sourceTree = "<group>"; };
		D8889B6019D69E4600B7032A /* AppDelegate.h */ = {isa = PBXFileReference; lastKnownFileType = sourcecode.c.h; path = AppDelegate.h; sourceTree = "<group>"; };
		D8889B6119D69E4600B7032A /* AppDelegate.m */ = {isa = PBXFileReference; lastKnownFileType = sourcecode.c.objc; path = AppDelegate.m; sourceTree = "<group>"; };
		D8889B6319D69E4600B7032A /* ViewController.h */ = {isa = PBXFileReference; lastKnownFileType = sourcecode.c.h; path = ViewController.h; sourceTree = "<group>"; };
		D8889B6419D69E4600B7032A /* ViewController.m */ = {isa = PBXFileReference; lastKnownFileType = sourcecode.c.objc; path = ViewController.m; sourceTree = "<group>"; };
		D8889B6719D69E4600B7032A /* Base */ = {isa = PBXFileReference; lastKnownFileType = file.storyboard; name = Base; path = Base.lproj/Main.storyboard; sourceTree = "<group>"; };
		D8889B6919D69E4600B7032A /* Images.xcassets */ = {isa = PBXFileReference; lastKnownFileType = folder.assetcatalog; path = Images.xcassets; sourceTree = "<group>"; };
		D8889B6C19D69E4600B7032A /* Base */ = {isa = PBXFileReference; lastKnownFileType = file.xib; name = Base; path = Base.lproj/LaunchScreen.xib; sourceTree = "<group>"; };
		D8889B7219D69E4600B7032A /* HYCalendarTests.xctest */ = {isa = PBXFileReference; explicitFileType = wrapper.cfbundle; includeInIndex = 0; path = HYCalendarTests.xctest; sourceTree = BUILT_PRODUCTS_DIR; };
		D8889B7719D69E4600B7032A /* Info.plist */ = {isa = PBXFileReference; lastKnownFileType = text.plist.xml; path = Info.plist; sourceTree = "<group>"; };
		D8889B7819D69E4600B7032A /* HYCalendarTests.m */ = {isa = PBXFileReference; lastKnownFileType = sourcecode.c.objc; path = HYCalendarTests.m; sourceTree = "<group>"; };
		D895305A19D6A1F400EC2E83 /* MyCalendarItem.h */ = {isa = PBXFileReference; fileEncoding = 4; lastKnownFileType = sourcecode.c.h; path = MyCalendarItem.h; sourceTree = "<group>"; };
		D895305B19D6A1F400EC2E83 /* MyCalendarItem.m */ = {isa = PBXFileReference; fileEncoding = 4; lastKnownFileType = sourcecode.c.objc; path = MyCalendarItem.m; sourceTree = "<group>"; };
/* End PBXFileReference section */

/* Begin PBXFrameworksBuildPhase section */
		D8889B5619D69E4600B7032A /* Frameworks */ = {
			isa = PBXFrameworksBuildPhase;
			buildActionMask = 2147483647;
			files = (
			);
			runOnlyForDeploymentPostprocessing = 0;
		};
		D8889B6F19D69E4600B7032A /* Frameworks */ = {
			isa = PBXFrameworksBuildPhase;
			buildActionMask = 2147483647;
			files = (
			);
			runOnlyForDeploymentPostprocessing = 0;
		};
/* End PBXFrameworksBuildPhase section */

/* Begin PBXGroup section */
		D8889B5019D69E4600B7032A = {
			isa = PBXGroup;
			children = (
				D8889B5B19D69E4600B7032A /* HYCalendar */,
				D8889B7519D69E4600B7032A /* HYCalendarTests */,
				D8889B5A19D69E4600B7032A /* Products */,
			);
			sourceTree = "<group>";
		};
		D8889B5A19D69E4600B7032A /* Products */ = {
			isa = PBXGroup;
			children = (
				D8889B5919D69E4600B7032A /* HYCalendar.app */,
				D8889B7219D69E4600B7032A /* HYCalendarTests.xctest */,
			);
			name = Products;
			sourceTree = "<group>";
		};
		D8889B5B19D69E4600B7032A /* HYCalendar */ = {
			isa = PBXGroup;
			children = (
				D8889B6019D69E4600B7032A /* AppDelegate.h */,
				D8889B6119D69E4600B7032A /* AppDelegate.m */,
				D8889B6319D69E4600B7032A /* ViewController.h */,
				D8889B6419D69E4600B7032A /* ViewController.m */,
				D8889B6619D69E4600B7032A /* Main.storyboard */,
				D895305A19D6A1F400EC2E83 /* MyCalendarItem.h */,
				D895305B19D6A1F400EC2E83 /* MyCalendarItem.m */,
				D8889B6919D69E4600B7032A /* Images.xcassets */,
				D8889B6B19D69E4600B7032A /* LaunchScreen.xib */,
				D8889B5C19D69E4600B7032A /* Supporting Files */,
			);
			path = HYCalendar;
			sourceTree = "<group>";
		};
		D8889B5C19D69E4600B7032A /* Supporting Files */ = {
			isa = PBXGroup;
			children = (
				D8889B5D19D69E4600B7032A /* Info.plist */,
				D8889B5E19D69E4600B7032A /* main.m */,
			);
			name = "Supporting Files";
			sourceTree = "<group>";
		};
		D8889B7519D69E4600B7032A /* HYCalendarTests */ = {
			isa = PBXGroup;
			children = (
				D8889B7819D69E4600B7032A /* HYCalendarTests.m */,
				D8889B7619D69E4600B7032A /* Supporting Files */,
			);
			path = HYCalendarTests;
			sourceTree = "<group>";
		};
		D8889B7619D69E4600B7032A /* Supporting Files */ = {
			isa = PBXGroup;
			children = (
				D8889B7719D69E4600B7032A /* Info.plist */,
			);
			name = "Supporting Files";
			sourceTree = "<group>";
		};
/* End PBXGroup section */

/* Begin PBXNativeTarget section */
		D8889B5819D69E4600B7032A /* HYCalendar */ = {
			isa = PBXNativeTarget;
			buildConfigurationList = D8889B7C19D69E4600B7032A /* Build configuration list for PBXNativeTarget "HYCalendar" */;
			buildPhases = (
				D8889B5519D69E4600B7032A /* Sources */,
				D8889B5619D69E4600B7032A /* Frameworks */,
				D8889B5719D69E4600B7032A /* Resources */,
			);
			buildRules = (
			);
			dependencies = (
			);
			name = HYCalendar;
			productName = HYCalendar;
			productReference = D8889B5919D69E4600B7032A /* HYCalendar.app */;
			productType = "com.apple.product-type.application";
		};
		D8889B7119D69E4600B7032A /* HYCalendarTests */ = {
			isa = PBXNativeTarget;
			buildConfigurationList = D8889B7F19D69E4600B7032A /* Build configuration list for PBXNativeTarget "HYCalendarTests" */;
			buildPhases = (
				D8889B6E19D69E4600B7032A /* Sources */,
				D8889B6F19D69E4600B7032A /* Frameworks */,
				D8889B7019D69E4600B7032A /* Resources */,
			);
			buildRules = (
			);
			dependencies = (
				D8889B7419D69E4600B7032A /* PBXTargetDependency */,
			);
			name = HYCalendarTests;
			productName = HYCalendarTests;
			productReference = D8889B7219D69E4600B7032A /* HYCalendarTests.xctest */;
			productType = "com.apple.product-type.bundle.unit-test";
		};
/* End PBXNativeTarget section */

/* Begin PBXProject section */
		D8889B5119D69E4600B7032A /* Project object */ = {
			isa = PBXProject;
			attributes = {
				LastUpgradeCheck = 0610;
				ORGANIZATIONNAME = nathan;
				TargetAttributes = {
					D8889B5819D69E4600B7032A = {
						CreatedOnToolsVersion = 6.1;
					};
					D8889B7119D69E4600B7032A = {
						CreatedOnToolsVersion = 6.1;
						TestTargetID = D8889B5819D69E4600B7032A;
					};
				};
			};
			buildConfigurationList = D8889B5419D69E4600B7032A /* Build configuration list for PBXProject "HYCalendar" */;
			compatibilityVersion = "Xcode 3.2";
			developmentRegion = English;
			hasScannedForEncodings = 0;
			knownRegions = (
				en,
				Base,
			);
			mainGroup = D8889B5019D69E4600B7032A;
			productRefGroup = D8889B5A19D69E4600B7032A /* Products */;
			projectDirPath = "";
			projectRoot = "";
			targets = (
				D8889B5819D69E4600B7032A /* HYCalendar */,
				D8889B7119D69E4600B7032A /* HYCalendarTests */,
			);
		};
/* End PBXProject section */

/* Begin PBXResourcesBuildPhase section */
		D8889B5719D69E4600B7032A /* Resources */ = {
			isa = PBXResourcesBuildPhase;
			buildActionMask = 2147483647;
			files = (
				D8889B6819D69E4600B7032A /* Main.storyboard in Resources */,
				D8889B6D19D69E4600B7032A /* LaunchScreen.xib in Resources */,
				D8889B6A19D69E4600B7032A /* Images.xcassets in Resources */,
			);
			runOnlyForDeploymentPostprocessing = 0;
		};
		D8889B7019D69E4600B7032A /* Resources */ = {
			isa = PBXResourcesBuildPhase;
			buildActionMask = 2147483647;
			files = (
			);
			runOnlyForDeploymentPostprocessing = 0;
		};
/* End PBXResourcesBuildPhase section */

/* Begin PBXSourcesBuildPhase section */
		D8889B5519D69E4600B7032A /* Sources */ = {
			isa = PBXSourcesBuildPhase;
			buildActionMask = 2147483647;
			files = (
				D8889B6519D69E4600B7032A /* ViewController.m in Sources */,
				D8889B6219D69E4600B7032A /* AppDelegate.m in Sources */,
				D895305E19D6A1F400EC2E83 /* MyCalendarItem.m in Sources */,
				D8889B5F19D69E4600B7032A /* main.m in Sources */,
			);
			runOnlyForDeploymentPostprocessing = 0;
		};
		D8889B6E19D69E4600B7032A /* Sources */ = {
			isa = PBXSourcesBuildPhase;
			buildActionMask = 2147483647;
			files = (
				D8889B7919D69E4600B7032A /* HYCalendarTests.m in Sources */,
			);
			runOnlyForDeploymentPostprocessing = 0;
		};
/* End PBXSourcesBuildPhase section */

/* Begin PBXTargetDependency section */
		D8889B7419D69E4600B7032A /* PBXTargetDependency */ = {
			isa = PBXTargetDependency;
			target = D8889B5819D69E4600B7032A /* HYCalendar */;
			targetProxy = D8889B7319D69E4600B7032A /* PBXContainerItemProxy */;
		};
/* End PBXTargetDependency section */

/* Begin PBXVariantGroup section */
		D8889B6619D69E4600B7032A /* Main.storyboard */ = {
			isa = PBXVariantGroup;
			children = (
				D8889B6719D69E4600B7032A /* Base */,
			);
			name = Main.storyboard;
			sourceTree = "<group>";
		};
		D8889B6B19D69E4600B7032A /* LaunchScreen.xib */ = {
			isa = PBXVariantGroup;
			children = (
				D8889B6C19D69E4600B7032A /* Base */,
			);
			name = LaunchScreen.xib;
			sourceTree = "<group>";
		};
/* End PBXVariantGroup section */

/* Begin XCBuildConfiguration section */
		D8889B7A19D69E4600B7032A /* Debug */ = {
			isa = XCBuildConfiguration;
			buildSettings = {
				ALWAYS_SEARCH_USER_PATHS = NO;
				CLANG_CXX_LANGUAGE_STANDARD = "gnu++0x";
				CLANG_CXX_LIBRARY = "libc++";
				CLANG_ENABLE_MODULES = YES;
				CLANG_ENABLE_OBJC_ARC = YES;
				CLANG_WARN_BOOL_CONVERSION = YES;
				CLANG_WARN_CONSTANT_CONVERSION = YES;
				CLANG_WARN_DIRECT_OBJC_ISA_USAGE = YES_ERROR;
				CLANG_WARN_EMPTY_BODY = YES;
				CLANG_WARN_ENUM_CONVERSION = YES;
				CLANG_WARN_INT_CONVERSION = YES;
				CLANG_WARN_OBJC_ROOT_CLASS = YES_ERROR;
				CLANG_WARN_UNREACHABLE_CODE = YES;
				CLANG_WARN__DUPLICATE_METHOD_MATCH = YES;
				"CODE_SIGN_IDENTITY[sdk=iphoneos*]" = "iPhone Developer";
				COPY_PHASE_STRIP = NO;
				ENABLE_STRICT_OBJC_MSGSEND = YES;
				GCC_C_LANGUAGE_STANDARD = gnu99;
				GCC_DYNAMIC_NO_PIC = NO;
				GCC_OPTIMIZATION_LEVEL = 0;
				GCC_PREPROCESSOR_DEFINITIONS = (
					"DEBUG=1",
					"$(inherited)",
				);
				GCC_SYMBOLS_PRIVATE_EXTERN = NO;
				GCC_WARN_64_TO_32_BIT_CONVERSION = YES;
				GCC_WARN_ABOUT_RETURN_TYPE = YES_ERROR;
				GCC_WARN_UNDECLARED_SELECTOR = YES;
				GCC_WARN_UNINITIALIZED_AUTOS = YES_AGGRESSIVE;
				GCC_WARN_UNUSED_FUNCTION = YES;
				GCC_WARN_UNUSED_VARIABLE = YES;
				IPHONEOS_DEPLOYMENT_TARGET = 8.0;
				MTL_ENABLE_DEBUG_INFO = YES;
				ONLY_ACTIVE_ARCH = YES;
				SDKROOT = iphoneos;
			};
			name = Debug;
		};
		D8889B7B19D69E4600B7032A /* Release */ = {
			isa = XCBuildConfiguration;
			buildSettings = {
				ALWAYS_SEARCH_USER_PATHS = NO;
				CLANG_CXX_LANGUAGE_STANDARD = "gnu++0x";
				CLANG_CXX_LIBRARY = "libc++";
				CLANG_ENABLE_MODULES = YES;
				CLANG_ENABLE_OBJC_ARC = YES;
				CLANG_WARN_BOOL_CONVERSION = YES;
				CLANG_WARN_CONSTANT_CONVERSION = YES;
				CLANG_WARN_DIRECT_OBJC_ISA_USAGE = YES_ERROR;
				CLANG_WARN_EMPTY_BODY = YES;
				CLANG_WARN_ENUM_CONVERSION = YES;
				CLANG_WARN_INT_CONVERSION = YES;
				CLANG_WARN_OBJC_ROOT_CLASS = YES_ERROR;
				CLANG_WARN_UNREACHABLE_CODE = YES;
				CLANG_WARN__DUPLICATE_METHOD_MATCH = YES;
				"CODE_SIGN_IDENTITY[sdk=iphoneos*]" = "iPhone Developer";
				COPY_PHASE_STRIP = YES;
				ENABLE_NS_ASSERTIONS = NO;
				ENABLE_STRICT_OBJC_MSGSEND = YES;
				GCC_C_LANGUAGE_STANDARD = gnu99;
				GCC_WARN_64_TO_32_BIT_CONVERSION = YES;
				GCC_WARN_ABOUT_RETURN_TYPE = YES_ERROR;
				GCC_WARN_UNDECLARED_SELECTOR = YES;
				GCC_WARN_UNINITIALIZED_AUTOS = YES_AGGRESSIVE;
				GCC_WARN_UNUSED_FUNCTION = YES;
				GCC_WARN_UNUSED_VARIABLE = YES;
				IPHONEOS_DEPLOYMENT_TARGET = 8.0;
				MTL_ENABLE_DEBUG_INFO = NO;
				SDKROOT = iphoneos;
				VALIDATE_PRODUCT = YES;
			};
			name = Release;
		};
		D8889B7D19D69E4600B7032A /* Debug */ = {
			isa = XCBuildConfiguration;
			buildSettings = {
				ASSETCATALOG_COMPILER_APPICON_NAME = AppIcon;
				INFOPLIST_FILE = HYCalendar/Info.plist;
				IPHONEOS_DEPLOYMENT_TARGET = 7.0;
				LD_RUNPATH_SEARCH_PATHS = "$(inherited) @executable_path/Frameworks";
				PRODUCT_NAME = "$(TARGET_NAME)";
			};
			name = Debug;
		};
		D8889B7E19D69E4600B7032A /* Release */ = {
			isa = XCBuildConfiguration;
			buildSettings = {
				ASSETCATALOG_COMPILER_APPICON_NAME = AppIcon;
				INFOPLIST_FILE = HYCalendar/Info.plist;
				IPHONEOS_DEPLOYMENT_TARGET = 7.0;
				LD_RUNPATH_SEARCH_PATHS = "$(inherited) @executable_path/Frameworks";
				PRODUCT_NAME = "$(TARGET_NAME)";
			};
			name = Release;
		};
		D8889B8019D69E4600B7032A /* Debug */ = {
			isa = XCBuildConfiguration;
			buildSettings = {
				BUNDLE_LOADER = "$(TEST_HOST)";
				FRAMEWORK_SEARCH_PATHS = (
					"$(SDKROOT)/Developer/Library/Frameworks",
					"$(inherited)",
				);
				GCC_PREPROCESSOR_DEFINITIONS = (
					"DEBUG=1",
					"$(inherited)",
				);
				INFOPLIST_FILE = HYCalendarTests/Info.plist;
				LD_RUNPATH_SEARCH_PATHS = "$(inherited) @executable_path/Frameworks @loader_path/Frameworks";
				PRODUCT_NAME = "$(TARGET_NAME)";
				TEST_HOST = "$(BUILT_PRODUCTS_DIR)/HYCalendar.app/HYCalendar";
			};
			name = Debug;
		};
		D8889B8119D69E4600B7032A /* Release */ = {
			isa = XCBuildConfiguration;
			buildSettings = {
				BUNDLE_LOADER = "$(TEST_HOST)";
				FRAMEWORK_SEARCH_PATHS = (
					"$(SDKROOT)/Developer/Library/Frameworks",
					"$(inherited)",
				);
				INFOPLIST_FILE = HYCalendarTests/Info.plist;
				LD_RUNPATH_SEARCH_PATHS = "$(inherited) @executable_path/Frameworks @loader_path/Frameworks";
				PRODUCT_NAME = "$(TARGET_NAME)";
				TEST_HOST = "$(BUILT_PRODUCTS_DIR)/HYCalendar.app/HYCalendar";
			};
			name = Release;
		};
/* End XCBuildConfiguration section */

/* Begin XCConfigurationList section */
		D8889B5419D69E4600B7032A /* Build configuration list for PBXProject "HYCalendar" */ = {
			isa = XCConfigurationList;
			buildConfigurations = (
				D8889B7A19D69E4600B7032A /* Debug */,
				D8889B7B19D69E4600B7032A /* Release */,
			);
			defaultConfigurationIsVisible = 0;
			defaultConfigurationName = Release;
		};
		D8889B7C19D69E4600B7032A /* Build configuration list for PBXNativeTarget "HYCalendar" */ = {
			isa = XCConfigurationList;
			buildConfigurations = (
				D8889B7D19D69E4600B7032A /* Debug */,
				D8889B7E19D69E4600B7032A /* Release */,
			);
			defaultConfigurationIsVisible = 0;
			defaultConfigurationName = Release;
		};
		D8889B7F19D69E4600B7032A /* Build configuration list for PBXNativeTarget "HYCalendarTests" */ = {
			isa = XCConfigurationList;
			buildConfigurations = (
				D8889B8019D69E4600B7032A /* Debug */,
				D8889B8119D69E4600B7032A /* Release */,
			);
			defaultConfigurationIsVisible = 0;
			defaultConfigurationName = Release;
		};
/* End XCConfigurationList section */
	};
	rootObject = D8889B5119D69E4600B7032A /* Project object */;
}
